// !$*UTF8*$!
{
	archiveVersion = 1;
	classes = {
	};
	objectVersion = 56;
	objects = {

/* Begin PBXBuildFile section */
		886C594D2A49BAF4000D27C8 /* AwardsCollectionApp.swift in Sources */ = {isa = PBXBuildFile; fileRef = 886C594C2A49BAF4000D27C8 /* AwardsCollectionApp.swift */; };
		886C594F2A49BAF4000D27C8 /* ContentView.swift in Sources */ = {isa = PBXBuildFile; fileRef = 886C594E2A49BAF4000D27C8 /* ContentView.swift */; };
		886C59512A49BAF6000D27C8 /* Assets.xcassets in Resources */ = {isa = PBXBuildFile; fileRef = 886C59502A49BAF6000D27C8 /* Assets.xcassets */; };
		886C59542A49BAF6000D27C8 /* Preview Assets.xcassets in Resources */ = {isa = PBXBuildFile; fileRef = 886C59532A49BAF6000D27C8 /* Preview Assets.xcassets */; };
		886C595B2A49C842000D27C8 /* GradientRectangles.swift in Sources */ = {isa = PBXBuildFile; fileRef = 886C595A2A49C842000D27C8 /* GradientRectangles.swift */; };
		886C595D2A49CF88000D27C8 /* AwardsView.swift in Sources */ = {isa = PBXBuildFile; fileRef = 886C595C2A49CF88000D27C8 /* AwardsView.swift */; };
		886C595F2A49D201000D27C8 /* PathView.swift in Sources */ = {isa = PBXBuildFile; fileRef = 886C595E2A49D201000D27C8 /* PathView.swift */; };
		886C59612A49D94D000D27C8 /* CurvesView.swift in Sources */ = {isa = PBXBuildFile; fileRef = 886C59602A49D94D000D27C8 /* CurvesView.swift */; };
		886C59632A49DEF2000D27C8 /* MainView.swift in Sources */ = {isa = PBXBuildFile; fileRef = 886C59622A49DEF2000D27C8 /* MainView.swift */; };
		886C59652A49E1E1000D27C8 /* CartRacingView.swift in Sources */ = {isa = PBXBuildFile; fileRef = 886C59642A49E1E1000D27C8 /* CartRacingView.swift */; };
/* End PBXBuildFile section */

/* Begin PBXFileReference section */
		886C59492A49BAF4000D27C8 /* AwardsCollection.app */ = {isa = PBXFileReference; explicitFileType = wrapper.application; includeInIndex = 0; path = AwardsCollection.app; sourceTree = BUILT_PRODUCTS_DIR; };
		886C594C2A49BAF4000D27C8 /* AwardsCollectionApp.swift */ = {isa = PBXFileReference; lastKnownFileType = sourcecode.swift; path = AwardsCollectionApp.swift; sourceTree = "<group>"; };
		886C594E2A49BAF4000D27C8 /* ContentView.swift */ = {isa = PBXFileReference; lastKnownFileType = sourcecode.swift; path = ContentView.swift; sourceTree = "<group>"; };
		886C59502A49BAF6000D27C8 /* Assets.xcassets */ = {isa = PBXFileReference; lastKnownFileType = folder.assetcatalog; path = Assets.xcassets; sourceTree = "<group>"; };
		886C59532A49BAF6000D27C8 /* Preview Assets.xcassets */ = {isa = PBXFileReference; lastKnownFileType = folder.assetcatalog; path = "Preview Assets.xcassets"; sourceTree = "<group>"; };
		886C595A2A49C842000D27C8 /* GradientRectangles.swift */ = {isa = PBXFileReference; lastKnownFileType = sourcecode.swift; path = GradientRectangles.swift; sourceTree = "<group>"; };
		886C595C2A49CF88000D27C8 /* AwardsView.swift */ = {isa = PBXFileReference; lastKnownFileType = sourcecode.swift; path = AwardsView.swift; sourceTree = "<group>"; };
		886C595E2A49D201000D27C8 /* PathView.swift */ = {isa = PBXFileReference; lastKnownFileType = sourcecode.swift; path = PathView.swift; sourceTree = "<group>"; };
		886C59602A49D94D000D27C8 /* CurvesView.swift */ = {isa = PBXFileReference; lastKnownFileType = sourcecode.swift; path = CurvesView.swift; sourceTree = "<group>"; };
		886C59622A49DEF2000D27C8 /* MainView.swift */ = {isa = PBXFileReference; lastKnownFileType = sourcecode.swift; path = MainView.swift; sourceTree = "<group>"; };
		886C59642A49E1E1000D27C8 /* CartRacingView.swift */ = {isa = PBXFileReference; lastKnownFileType = sourcecode.swift; path = CartRacingView.swift; sourceTree = "<group>"; };
/* End PBXFileReference section */

/* Begin PBXFrameworksBuildPhase section */
		886C59462A49BAF4000D27C8 /* Frameworks */ = {
			isa = PBXFrameworksBuildPhase;
			buildActionMask = 2147483647;
			files = (
			);
			runOnlyForDeploymentPostprocessing = 0;
		};
/* End PBXFrameworksBuildPhase section */

/* Begin PBXGroup section */
		886C59402A49BAF4000D27C8 = {
			isa = PBXGroup;
			children = (
				886C594B2A49BAF4000D27C8 /* AwardsCollection */,
				886C594A2A49BAF4000D27C8 /* Products */,
			);
			sourceTree = "<group>";
		};
		886C594A2A49BAF4000D27C8 /* Products */ = {
			isa = PBXGroup;
			children = (
				886C59492A49BAF4000D27C8 /* AwardsCollection.app */,
			);
			name = Products;
			sourceTree = "<group>";
		};
		886C594B2A49BAF4000D27C8 /* AwardsCollection */ = {
			isa = PBXGroup;
			children = (
				886C594C2A49BAF4000D27C8 /* AwardsCollectionApp.swift */,
				886C594E2A49BAF4000D27C8 /* ContentView.swift */,
				886C595A2A49C842000D27C8 /* GradientRectangles.swift */,
				886C595C2A49CF88000D27C8 /* AwardsView.swift */,
				886C59622A49DEF2000D27C8 /* MainView.swift */,
				886C59642A49E1E1000D27C8 /* CartRacingView.swift */,
				886C595E2A49D201000D27C8 /* PathView.swift */,
				886C59602A49D94D000D27C8 /* CurvesView.swift */,
				886C59502A49BAF6000D27C8 /* Assets.xcassets */,
				886C59522A49BAF6000D27C8 /* Preview Content */,
			);
			path = AwardsCollection;
			sourceTree = "<group>";
		};
		886C59522A49BAF6000D27C8 /* Preview Content */ = {
			isa = PBXGroup;
			children = (
				886C59532A49BAF6000D27C8 /* Preview Assets.xcassets */,
			);
			path = "Preview Content";
			sourceTree = "<group>";
		};
/* End PBXGroup section */

/* Begin PBXNativeTarget section */
		886C59482A49BAF4000D27C8 /* AwardsCollection */ = {
			isa = PBXNativeTarget;
			buildConfigurationList = 886C59572A49BAF6000D27C8 /* Build configuration list for PBXNativeTarget "AwardsCollection" */;
			buildPhases = (
				886C59452A49BAF4000D27C8 /* Sources */,
				886C59462A49BAF4000D27C8 /* Frameworks */,
				886C59472A49BAF4000D27C8 /* Resources */,
			);
			buildRules = (
			);
			dependencies = (
			);
			name = AwardsCollection;
			productName = AwardsCollection;
			productReference = 886C59492A49BAF4000D27C8 /* AwardsCollection.app */;
			productType = "com.apple.product-type.application";
		};
/* End PBXNativeTarget section */

/* Begin PBXProject section */
		886C59412A49BAF4000D27C8 /* Project object */ = {
			isa = PBXProject;
			attributes = {
				BuildIndependentTargetsInParallel = 1;
				LastSwiftUpdateCheck = 1430;
				LastUpgradeCheck = 1430;
				TargetAttributes = {
					886C59482A49BAF4000D27C8 = {
						CreatedOnToolsVersion = 14.3.1;
					};
				};
			};
			buildConfigurationList = 886C59442A49BAF4000D27C8 /* Build configuration list for PBXProject "AwardsCollection" */;
			compatibilityVersion = "Xcode 14.0";
			developmentRegion = en;
			hasScannedForEncodings = 0;
			knownRegions = (
				en,
				Base,
			);
			mainGroup = 886C59402A49BAF4000D27C8;
			productRefGroup = 886C594A2A49BAF4000D27C8 /* Products */;
			projectDirPath = "";
			projectRoot = "";
			targets = (
				886C59482A49BAF4000D27C8 /* AwardsCollection */,
			);
		};
/* End PBXProject section */

/* Begin PBXResourcesBuildPhase section */
		886C59472A49BAF4000D27C8 /* Resources */ = {
			isa = PBXResourcesBuildPhase;
			buildActionMask = 2147483647;
			files = (
				886C59542A49BAF6000D27C8 /* Preview Assets.xcassets in Resources */,
				886C59512A49BAF6000D27C8 /* Assets.xcassets in Resources */,
			);
			runOnlyForDeploymentPostprocessing = 0;
		};
/* End PBXResourcesBuildPhase section */

/* Begin PBXSourcesBuildPhase section */
		886C59452A49BAF4000D27C8 /* Sources */ = {
			isa = PBXSourcesBuildPhase;
			buildActionMask = 2147483647;
			files = (
				886C59652A49E1E1000D27C8 /* CartRacingView.swift in Sources */,
				886C59612A49D94D000D27C8 /* CurvesView.swift in Sources */,
				886C59632A49DEF2000D27C8 /* MainView.swift in Sources */,
				886C595F2A49D201000D27C8 /* PathView.swift in Sources */,
				886C594F2A49BAF4000D27C8 /* ContentView.swift in Sources */,
				886C594D2A49BAF4000D27C8 /* AwardsCollectionApp.swift in Sources */,
				886C595D2A49CF88000D27C8 /* AwardsView.swift in Sources */,
				886C595B2A49C842000D27C8 /* GradientRectangles.swift in Sources */,
			);
			runOnlyForDeploymentPostprocessing = 0;
		};
/* End PBXSourcesBuildPhase section */

/* Begin XCBuildConfiguration section */
		886C59552A49BAF6000D27C8 /* Debug */ = {
			isa = XCBuildConfiguration;
			buildSettings = {
				ALWAYS_SEARCH_USER_PATHS = NO;
				CLANG_ANALYZER_NONNULL = YES;
				CLANG_ANALYZER_NUMBER_OBJECT_CONVERSION = YES_AGGRESSIVE;
				CLANG_CXX_LANGUAGE_STANDARD = "gnu++20";
				CLANG_ENABLE_MODULES = YES;
				CLANG_ENABLE_OBJC_ARC = YES;
				CLANG_ENABLE_OBJC_WEAK = YES;
				CLANG_WARN_BLOCK_CAPTURE_AUTORELEASING = YES;
				CLANG_WARN_BOOL_CONVERSION = YES;
				CLANG_WARN_COMMA = YES;
				CLANG_WARN_CONSTANT_CONVERSION = YES;
				CLANG_WARN_DEPRECATED_OBJC_IMPLEMENTATIONS = YES;
				CLANG_WARN_DIRECT_OBJC_ISA_USAGE = YES_ERROR;
				CLANG_WARN_DOCUMENTATION_COMMENTS = YES;
				CLANG_WARN_EMPTY_BODY = YES;
				CLANG_WARN_ENUM_CONVERSION = YES;
				CLANG_WARN_INFINITE_RECURSION = YES;
				CLANG_WARN_INT_CONVERSION = YES;
				CLANG_WARN_NON_LITERAL_NULL_CONVERSION = YES;
				CLANG_WARN_OBJC_IMPLICIT_RETAIN_SELF = YES;
				CLANG_WARN_OBJC_LITERAL_CONVERSION = YES;
				CLANG_WARN_OBJC_ROOT_CLASS = YES_ERROR;
				CLANG_WARN_QUOTED_INCLUDE_IN_FRAMEWORK_HEADER = YES;
				CLANG_WARN_RANGE_LOOP_ANALYSIS = YES;
				CLANG_WARN_STRICT_PROTOTYPES = YES;
				CLANG_WARN_SUSPICIOUS_MOVE = YES;
				CLANG_WARN_UNGUARDED_AVAILABILITY = YES_AGGRESSIVE;
				CLANG_WARN_UNREACHABLE_CODE = YES;
				CLANG_WARN__DUPLICATE_METHOD_MATCH = YES;
				COPY_PHASE_STRIP = NO;
				DEBUG_INFORMATION_FORMAT = dwarf;
				ENABLE_STRICT_OBJC_MSGSEND = YES;
				ENABLE_TESTABILITY = YES;
				GCC_C_LANGUAGE_STANDARD = gnu11;
				GCC_DYNAMIC_NO_PIC = NO;
				GCC_NO_COMMON_BLOCKS = YES;
				GCC_OPTIMIZATION_LEVEL = 0;
				GCC_PREPROCESSOR_DEFINITIONS = (
					"DEBUG=1",
					"$(inherited)",
				);
				GCC_WARN_64_TO_32_BIT_CONVERSION = YES;
				GCC_WARN_ABOUT_RETURN_TYPE = YES_ERROR;
				GCC_WARN_UNDECLARED_SELECTOR = YES;
				GCC_WARN_UNINITIALIZED_AUTOS = YES_AGGRESSIVE;
				GCC_WARN_UNUSED_FUNCTION = YES;
				GCC_WARN_UNUSED_VARIABLE = YES;
				IPHONEOS_DEPLOYMENT_TARGET = 16.4;
				MTL_ENABLE_DEBUG_INFO = INCLUDE_SOURCE;
				MTL_FAST_MATH = YES;
				ONLY_ACTIVE_ARCH = YES;
				SDKROOT = iphoneos;
				SWIFT_ACTIVE_COMPILATION_CONDITIONS = DEBUG;
				SWIFT_OPTIMIZATION_LEVEL = "-Onone";
			};
			name = Debug;
		};
		886C59562A49BAF6000D27C8 /* Release */ = {
			isa = XCBuildConfiguration;
			buildSettings = {
				ALWAYS_SEARCH_USER_PATHS = NO;
				CLANG_ANALYZER_NONNULL = YES;
				CLANG_ANALYZER_NUMBER_OBJECT_CONVERSION = YES_AGGRESSIVE;
				CLANG_CXX_LANGUAGE_STANDARD = "gnu++20";
				CLANG_ENABLE_MODULES = YES;
				CLANG_ENABLE_OBJC_ARC = YES;
				CLANG_ENABLE_OBJC_WEAK = YES;
				CLANG_WARN_BLOCK_CAPTURE_AUTORELEASING = YES;
				CLANG_WARN_BOOL_CONVERSION = YES;
				CLANG_WARN_COMMA = YES;
				CLANG_WARN_CONSTANT_CONVERSION = YES;
				CLANG_WARN_DEPRECATED_OBJC_IMPLEMENTATIONS = YES;
				CLANG_WARN_DIRECT_OBJC_ISA_USAGE = YES_ERROR;
				CLANG_WARN_DOCUMENTATION_COMMENTS = YES;
				CLANG_WARN_EMPTY_BODY = YES;
				CLANG_WARN_ENUM_CONVERSION = YES;
				CLANG_WARN_INFINITE_RECURSION = YES;
				CLANG_WARN_INT_CONVERSION = YES;
				CLANG_WARN_NON_LITERAL_NULL_CONVERSION = YES;
				CLANG_WARN_OBJC_IMPLICIT_RETAIN_SELF = YES;
				CLANG_WARN_OBJC_LITERAL_CONVERSION = YES;
				CLANG_WARN_OBJC_ROOT_CLASS = YES_ERROR;
				CLANG_WARN_QUOTED_INCLUDE_IN_FRAMEWORK_HEADER = YES;
				CLANG_WARN_RANGE_LOOP_ANALYSIS = YES;
				CLANG_WARN_STRICT_PROTOTYPES = YES;
				CLANG_WARN_SUSPICIOUS_MOVE = YES;
				CLANG_WARN_UNGUARDED_AVAILABILITY = YES_AGGRESSIVE;
				CLANG_WARN_UNREACHABLE_CODE = YES;
				CLANG_WARN__DUPLICATE_METHOD_MATCH = YES;
				COPY_PHASE_STRIP = NO;
				DEBUG_INFORMATION_FORMAT = "dwarf-with-dsym";
				ENABLE_NS_ASSERTIONS = NO;
				ENABLE_STRICT_OBJC_MSGSEND = YES;
				GCC_C_LANGUAGE_STANDARD = gnu11;
				GCC_NO_COMMON_BLOCKS = YES;
				GCC_WARN_64_TO_32_BIT_CONVERSION = YES;
				GCC_WARN_ABOUT_RETURN_TYPE = YES_ERROR;
				GCC_WARN_UNDECLARED_SELECTOR = YES;
				GCC_WARN_UNINITIALIZED_AUTOS = YES_AGGRESSIVE;
				GCC_WARN_UNUSED_FUNCTION = YES;
				GCC_WARN_UNUSED_VARIABLE = YES;
				IPHONEOS_DEPLOYMENT_TARGET = 16.4;
				MTL_ENABLE_DEBUG_INFO = NO;
				MTL_FAST_MATH = YES;
				SDKROOT = iphoneos;
				SWIFT_COMPILATION_MODE = wholemodule;
				SWIFT_OPTIMIZATION_LEVEL = "-O";
				VALIDATE_PRODUCT = YES;
			};
			name = Release;
		};
		886C59582A49BAF6000D27C8 /* Debug */ = {
			isa = XCBuildConfiguration;
			buildSettings = {
				ASSETCATALOG_COMPILER_APPICON_NAME = AppIcon;
				ASSETCATALOG_COMPILER_GLOBAL_ACCENT_COLOR_NAME = AccentColor;
				CODE_SIGN_STYLE = Automatic;
				CURRENT_PROJECT_VERSION = 1;
				DEVELOPMENT_ASSET_PATHS = "\"AwardsCollection/Preview Content\"";
				DEVELOPMENT_TEAM = K4NPPTUJ49;
				ENABLE_PREVIEWS = YES;
				GENERATE_INFOPLIST_FILE = YES;
				INFOPLIST_KEY_UIApplicationSceneManifest_Generation = YES;
				INFOPLIST_KEY_UIApplicationSupportsIndirectInputEvents = YES;
				INFOPLIST_KEY_UILaunchScreen_Generation = YES;
				INFOPLIST_KEY_UISupportedInterfaceOrientations_iPad = "UIInterfaceOrientationPortrait UIInterfaceOrientationPortraitUpsideDown UIInterfaceOrientationLandscapeLeft UIInterfaceOrientationLandscapeRight";
				INFOPLIST_KEY_UISupportedInterfaceOrientations_iPhone = "UIInterfaceOrientationPortrait UIInterfaceOrientationLandscapeLeft UIInterfaceOrientationLandscapeRight";
				LD_RUNPATH_SEARCH_PATHS = (
					"$(inherited)",
					"@executable_path/Frameworks",
				);
				MARKETING_VERSION = 1.0;
				PRODUCT_BUNDLE_IDENTIFIER = latushkin.as.AwardsCollection;
				PRODUCT_NAME = "$(TARGET_NAME)";
				SWIFT_EMIT_LOC_STRINGS = YES;
				SWIFT_VERSION = 5.0;
				TARGETED_DEVICE_FAMILY = "1,2";
			};
			name = Debug;
		};
		886C59592A49BAF6000D27C8 /* Release */ = {
			isa = XCBuildConfiguration;
			buildSettings = {
				ASSETCATALOG_COMPILER_APPICON_NAME = AppIcon;
				ASSETCATALOG_COMPILER_GLOBAL_ACCENT_COLOR_NAME = AccentColor;
				CODE_SIGN_STYLE = Automatic;
				CURRENT_PROJECT_VERSION = 1;
				DEVELOPMENT_ASSET_PATHS = "\"AwardsCollection/Preview Content\"";
				DEVELOPMENT_TEAM = K4NPPTUJ49;
				ENABLE_PREVIEWS = YES;
				GENERATE_INFOPLIST_FILE = YES;
				INFOPLIST_KEY_UIApplicationSceneManifest_Generation = YES;
				INFOPLIST_KEY_UIApplicationSupportsIndirectInputEvents = YES;
				INFOPLIST_KEY_UILaunchScreen_Generation = YES;
				INFOPLIST_KEY_UISupportedInterfaceOrientations_iPad = "UIInterfaceOrientationPortrait UIInterfaceOrientationPortraitUpsideDown UIInterfaceOrientationLandscapeLeft UIInterfaceOrientationLandscapeRight";
				INFOPLIST_KEY_UISupportedInterfaceOrientations_iPhone = "UIInterfaceOrientationPortrait UIInterfaceOrientationLandscapeLeft UIInterfaceOrientationLandscapeRight";
				LD_RUNPATH_SEARCH_PATHS = (
					"$(inherited)",
					"@executable_path/Frameworks",
				);
				MARKETING_VERSION = 1.0;
				PRODUCT_BUNDLE_IDENTIFIER = latushkin.as.AwardsCollection;
				PRODUCT_NAME = "$(TARGET_NAME)";
				SWIFT_EMIT_LOC_STRINGS = YES;
				SWIFT_VERSION = 5.0;
				TARGETED_DEVICE_FAMILY = "1,2";
			};
			name = Release;
		};
/* End XCBuildConfiguration section */

/* Begin XCConfigurationList section */
		886C59442A49BAF4000D27C8 /* Build configuration list for PBXProject "AwardsCollection" */ = {
			isa = XCConfigurationList;
			buildConfigurations = (
				886C59552A49BAF6000D27C8 /* Debug */,
				886C59562A49BAF6000D27C8 /* Release */,
			);
			defaultConfigurationIsVisible = 0;
			defaultConfigurationName = Release;
		};
		886C59572A49BAF6000D27C8 /* Build configuration list for PBXNativeTarget "AwardsCollection" */ = {
			isa = XCConfigurationList;
			buildConfigurations = (
				886C59582A49BAF6000D27C8 /* Debug */,
				886C59592A49BAF6000D27C8 /* Release */,
			);
			defaultConfigurationIsVisible = 0;
			defaultConfigurationName = Release;
		};
/* End XCConfigurationList section */
	};
	rootObject = 886C59412A49BAF4000D27C8 /* Project object */;
}
